
Microsoft Visual Studio Solution File, Format Version 12.00
# Visual Studio Version 16
VisualStudioVersion = 16.0.33214.272
MinimumVisualStudioVersion = 10.0.40219.1
Project("{FAE04EC0-301F-11D3-BF4B-00C04F79EFBC}") = "TSH HOTELSS", "TSH HOTELSS\TSH HOTELSS.csproj", "{FD893AE9-7493-46B6-93D9-960CF8EF443B}"
EndProject
Global
	GlobalSection(SolutionConfigurationPlatforms) = preSolution
		Debug|Any CPU = Debug|Any CPU
		Release|Any CPU = Release|Any CPU
	EndGlobalSection
	GlobalSection(ProjectConfigurationPlatforms) = postSolution
		{FD893AE9-7493-46B6-93D9-960CF8EF443B}.Debug|Any CPU.ActiveCfg = Debug|Any CPU
		{FD893AE9-7493-46B6-93D9-960CF8EF443B}.Debug|Any CPU.Build.0 = Debug|Any CPU
		{FD893AE9-7493-46B6-93D9-960CF8EF443B}.Release|Any CPU.ActiveCfg = Release|Any CPU
		{FD893AE9-7493-46B6-93D9-960CF8EF443B}.Release|Any CPU.Build.0 = Release|Any CPU
	EndGlobalSection
	GlobalSection(SolutionProperties) = preSolution
		HideSolutionNode = FALSE
	EndGlobalSection
	GlobalSection(ExtensibilityGlobals) = postSolution
		SolutionGuid = {CD1E39E9-0F04-49D3-A0BB-3B25C5C53BFC}
	EndGlobalSection
EndGlobal
